Microsoft Visual Studio Solution File, Format Version 12.00
# Visual Studio Version 17
VisualStudioVersion = 17.5.2.0
MinimumVisualStudioVersion = 10.0.40219.1
Project("{FAE04EC0-301F-11D3-BF4B-00C04F79EFBC}") = "ProyectoCompilador", "ProyectoCompilador.csproj", "{1958C76F-91BC-2FAB-5F86-3A0230902426}"
EndProject
Global
	GlobalSection(SolutionConfigurationPlatforms) = preSolution
		Debug|Any CPU = Debug|Any CPU
		Release|Any CPU = Release|Any CPU
	EndGlobalSection
	GlobalSection(ProjectConfigurationPlatforms) = postSolution
		{1958C76F-91BC-2FAB-5F86-3A0230902426}.Debug|Any CPU.ActiveCfg = Debug|Any CPU
		{1958C76F-91BC-2FAB-5F86-3A0230902426}.Debug|Any CPU.Build.0 = Debug|Any CPU
		{1958C76F-91BC-2FAB-5F86-3A0230902426}.Release|Any CPU.ActiveCfg = Release|Any CPU
		{1958C76F-91BC-2FAB-5F86-3A0230902426}.Release|Any CPU.Build.0 = Release|Any CPU
	EndGlobalSection
	GlobalSection(SolutionProperties) = preSolution
		HideSolutionNode = FALSE
	EndGlobalSection
	GlobalSection(ExtensibilityGlobals) = postSolution
		SolutionGuid = {DF6CDD9C-5CCE-4396-B9A2-C07C52A86B1D}
	EndGlobalSection
EndGlobal
